
Microsoft Visual Studio Solution File, Format Version 12.00
Project("{FAE04EC0-301F-11D3-BF4B-00C04F79EFBC}") = "Api", "Api\Api.csproj", "{0D5CEED0-5A17-4126-BBC7-042110E4C1FF}"
EndProject
Global
	GlobalSection(SolutionConfigurationPlatforms) = preSolution
		Debug|Any CPU = Debug|Any CPU
		Release|Any CPU = Release|Any CPU
	EndGlobalSection
	GlobalSection(ProjectConfigurationPlatforms) = postSolution
		{0D5CEED0-5A17-4126-BBC7-042110E4C1FF}.Debug|Any CPU.ActiveCfg = Debug|Any CPU
		{0D5CEED0-5A17-4126-BBC7-042110E4C1FF}.Debug|Any CPU.Build.0 = Debug|Any CPU
		{0D5CEED0-5A17-4126-BBC7-042110E4C1FF}.Release|Any CPU.ActiveCfg = Release|Any CPU
		{0D5CEED0-5A17-4126-BBC7-042110E4C1FF}.Release|Any CPU.Build.0 = Release|Any CPU
	EndGlobalSection
EndGlobal
